# This file is generated by running "yarn install" inside your project.
# Manual changes might be lost - proceed with caution!

__metadata:
  version: 7
  cacheKey: 9

"@cspotcode/source-map-support@npm:^0.8.0":
  version: 0.8.1
  resolution: "@cspotcode/source-map-support@npm:0.8.1"
  dependencies:
    "@jridgewell/trace-mapping": "npm:0.3.9"
  checksum: 4327d8e6e4347897f5baf265c43ff094260a3ad7b53920fa07472aa18699ba7d570e5171082e88d19e4b5cce6f35cc1666b1c8ccb8b74d67e4f482395b8c511d
  languageName: node
  linkType: hard

"@esbuild/android-arm64@npm:0.19.4":
  version: 0.19.4
  resolution: "@esbuild/android-arm64@npm:0.19.4"
  conditions: os=android & cpu=arm64
  languageName: node
  linkType: hard

"@esbuild/android-arm@npm:0.19.4":
  version: 0.19.4
  resolution: "@esbuild/android-arm@npm:0.19.4"
  conditions: os=android & cpu=arm
  languageName: node
  linkType: hard

"@esbuild/android-x64@npm:0.19.4":
  version: 0.19.4
  resolution: "@esbuild/android-x64@npm:0.19.4"
  conditions: os=android & cpu=x64
  languageName: node
  linkType: hard

"@esbuild/darwin-arm64@npm:0.19.4":
  version: 0.19.4
  resolution: "@esbuild/darwin-arm64@npm:0.19.4"
  conditions: os=darwin & cpu=arm64
  languageName: node
  linkType: hard

"@esbuild/darwin-x64@npm:0.19.4":
  version: 0.19.4
  resolution: "@esbuild/darwin-x64@npm:0.19.4"
  conditions: os=darwin & cpu=x64
  languageName: node
  linkType: hard

"@esbuild/freebsd-arm64@npm:0.19.4":
  version: 0.19.4
  resolution: "@esbuild/freebsd-arm64@npm:0.19.4"
  conditions: os=freebsd & cpu=arm64
  languageName: node
  linkType: hard

"@esbuild/freebsd-x64@npm:0.19.4":
  version: 0.19.4
  resolution: "@esbuild/freebsd-x64@npm:0.19.4"
  conditions: os=freebsd & cpu=x64
  languageName: node
  linkType: hard

"@esbuild/linux-arm64@npm:0.19.4":
  version: 0.19.4
  resolution: "@esbuild/linux-arm64@npm:0.19.4"
  conditions: os=linux & cpu=arm64
  languageName: node
  linkType: hard

"@esbuild/linux-arm@npm:0.19.4":
  version: 0.19.4
  resolution: "@esbuild/linux-arm@npm:0.19.4"
  conditions: os=linux & cpu=arm
  languageName: node
  linkType: hard

"@esbuild/linux-ia32@npm:0.19.4":
  version: 0.19.4
  resolution: "@esbuild/linux-ia32@npm:0.19.4"
  conditions: os=linux & cpu=ia32
  languageName: node
  linkType: hard

"@esbuild/linux-loong64@npm:0.19.4":
  version: 0.19.4
  resolution: "@esbuild/linux-loong64@npm:0.19.4"
  conditions: os=linux & cpu=loong64
  languageName: node
  linkType: hard

"@esbuild/linux-mips64el@npm:0.19.4":
  version: 0.19.4
  resolution: "@esbuild/linux-mips64el@npm:0.19.4"
  conditions: os=linux & cpu=mips64el
  languageName: node
  linkType: hard

"@esbuild/linux-ppc64@npm:0.19.4":
  version: 0.19.4
  resolution: "@esbuild/linux-ppc64@npm:0.19.4"
  conditions: os=linux & cpu=ppc64
  languageName: node
  linkType: hard

"@esbuild/linux-riscv64@npm:0.19.4":
  version: 0.19.4
  resolution: "@esbuild/linux-riscv64@npm:0.19.4"
  conditions: os=linux & cpu=riscv64
  languageName: node
  linkType: hard

"@esbuild/linux-s390x@npm:0.19.4":
  version: 0.19.4
  resolution: "@esbuild/linux-s390x@npm:0.19.4"
  conditions: os=linux & cpu=s390x
  languageName: node
  linkType: hard

"@esbuild/linux-x64@npm:0.19.4":
  version: 0.19.4
  resolution: "@esbuild/linux-x64@npm:0.19.4"
  conditions: os=linux & cpu=x64
  languageName: node
  linkType: hard

"@esbuild/netbsd-x64@npm:0.19.4":
  version: 0.19.4
  resolution: "@esbuild/netbsd-x64@npm:0.19.4"
  conditions: os=netbsd & cpu=x64
  languageName: node
  linkType: hard

"@esbuild/openbsd-x64@npm:0.19.4":
  version: 0.19.4
  resolution: "@esbuild/openbsd-x64@npm:0.19.4"
  conditions: os=openbsd & cpu=x64
  languageName: node
  linkType: hard

"@esbuild/sunos-x64@npm:0.19.4":
  version: 0.19.4
  resolution: "@esbuild/sunos-x64@npm:0.19.4"
  conditions: os=sunos & cpu=x64
  languageName: node
  linkType: hard

"@esbuild/win32-arm64@npm:0.19.4":
  version: 0.19.4
  resolution: "@esbuild/win32-arm64@npm:0.19.4"
  conditions: os=win32 & cpu=arm64
  languageName: node
  linkType: hard

"@esbuild/win32-ia32@npm:0.19.4":
  version: 0.19.4
  resolution: "@esbuild/win32-ia32@npm:0.19.4"
  conditions: os=win32 & cpu=ia32
  languageName: node
  linkType: hard

"@esbuild/win32-x64@npm:0.19.4":
  version: 0.19.4
  resolution: "@esbuild/win32-x64@npm:0.19.4"
  conditions: os=win32 & cpu=x64
  languageName: node
  linkType: hard

"@figma/plugin-typings@npm:^1.76.0":
  version: 1.79.0
  resolution: "@figma/plugin-typings@npm:1.79.0"
  checksum: 750e1e63d0942f2f3f5046d1f210bc040e84a262df3668f504a3608f78339bf527fe9044b9bfa98054b25f7d095aa2f599b4408ae2fbee611d6641ae2335ad98
  languageName: node
  linkType: hard

"@jridgewell/resolve-uri@npm:^3.0.3":
  version: 3.1.1
  resolution: "@jridgewell/resolve-uri@npm:3.1.1"
  checksum: b3229d85678a8546e48580decab7666678ab7e1c470576e72bd07910b862642f700c802ff99c0166982fc7f6ad3571c0ce59901be38297b595c0c813cf79e9ce
  languageName: node
  linkType: hard

"@jridgewell/sourcemap-codec@npm:^1.4.10":
  version: 1.4.15
  resolution: "@jridgewell/sourcemap-codec@npm:1.4.15"
  checksum: b71b5eeb0af50fb1dbdf18e88aa5cf755baa30723f0d5fd2ac069f861d0c73b12b968321314e4db86d5a4d5d89a292211f68ba94767c620fee35247a94c05890
  languageName: node
  linkType: hard

"@jridgewell/trace-mapping@npm:0.3.9":
  version: 0.3.9
  resolution: "@jridgewell/trace-mapping@npm:0.3.9"
  dependencies:
    "@jridgewell/resolve-uri": "npm:^3.0.3"
    "@jridgewell/sourcemap-codec": "npm:^1.4.10"
  checksum: 542c5f0f0ae874121e9de649581f9619cc0c65e33292e1285f1233f5ff3e41e6f4f216d69a4c3f800b4d6db208ff6c710307e19e1ff170ed5304807e346e6cf9
  languageName: node
  linkType: hard

"@tsconfig/node10@npm:^1.0.7":
  version: 1.0.9
  resolution: "@tsconfig/node10@npm:1.0.9"
  checksum: 6ec0cadbcd7942f64b5d00c4b19ff783410a5f1511c1feefa8e99b5df1e57776c4f2ce058870c9d982a4ca460051dbd2a5e57d11989aab40f6c68e98c92b6d14
  languageName: node
  linkType: hard

"@tsconfig/node12@npm:^1.0.7":
  version: 1.0.11
  resolution: "@tsconfig/node12@npm:1.0.11"
  checksum: 2ba331a89b6778df0fb49ab0ba3e809c0a0d5ca3d9f898ba4a0a276043616b6047aec5dd4a5d1ae9a09ff267bcddbbc96d968857e6690583fd474a58c25c2e1c
  languageName: node
  linkType: hard

"@tsconfig/node14@npm:^1.0.0":
  version: 1.0.3
  resolution: "@tsconfig/node14@npm:1.0.3"
  checksum: 8d04150cdfbe5b89be095586bfa35415800b694f9955274df16b1017e1cef9697467185b3f7c64ed588a7e8d48ff6f4cc3125c8265b5e3d4f757884dcc6facbc
  languageName: node
  linkType: hard

"@tsconfig/node16@npm:^1.0.2":
  version: 1.0.4
  resolution: "@tsconfig/node16@npm:1.0.4"
  checksum: d75e4f7d3edd74305383430d1fc9fd9bdf9af7fb2387853e6c06660a5325da6bce90846b853f5c69ec70b4e34de9ab05d508c9dc11c95a28ebbb000fc52b963b
  languageName: node
  linkType: hard

"@types/node@npm:^20.5.7":
  version: 20.8.3
  resolution: "@types/node@npm:20.8.3"
  checksum: 5945a87470f6e03c5b6aef60348d936747cd29276de96215c79860fb39c26bc7e57c83dc08b91af6b8c661a4b45074c9429ec16eefc25b4d99914c1e892178d8
  languageName: node
  linkType: hard

"@types/prop-types@npm:*":
  version: 15.7.8
  resolution: "@types/prop-types@npm:15.7.8"
  checksum: 549f1e9b0bf2970d59ae50ef6c628c07c13c11b9b1ceff0c196c4cc0aac32555f9bf9443b042cb76cfe95ceb92a3e68578df792294de927a6c3889d75e536f01
  languageName: node
  linkType: hard

"@types/react-dom@npm:^18":
  version: 18.2.11
  resolution: "@types/react-dom@npm:18.2.11"
  dependencies:
    "@types/react": "npm:*"
  checksum: 5ef1a60bd00f5408ae644c48e5940ec5e44ed0a95f151a45c327dacaa8d187b37c076ab963eef1a6828a055f5eb09a515cf7bfd3945242ede64fc3af492c8f7a
  languageName: node
  linkType: hard

"@types/react@npm:*, @types/react@npm:^18":
  version: 18.2.25
  resolution: "@types/react@npm:18.2.25"
  dependencies:
    "@types/prop-types": "npm:*"
    "@types/scheduler": "npm:*"
    csstype: "npm:^3.0.2"
  checksum: 3eceab4a57d8908779d8a8e0038e9c250e90eeb49152aac18188ec729ea236994d081e27155e24bbe31d8ff60c7ad2544ea9978ec40159b79f7bc4e97b354e3c
  languageName: node
  linkType: hard

"@types/scheduler@npm:*":
  version: 0.16.4
  resolution: "@types/scheduler@npm:0.16.4"
  checksum: 86cb743f4b3d9d70c9f4d967eb949ece6d7c30645bd084389837c3e74c895cded1f311a94fe01bb958de1438f920b786d8a30bbd2a1167ba253610f6c8932abd
  languageName: node
  linkType: hard

"acorn-walk@npm:^8.1.1":
  version: 8.2.0
  resolution: "acorn-walk@npm:8.2.0"
  checksum: 389d3f19998ac0924a590485a6502b72059e3ab67cc820477c2c40cca06b6c50bb8d424bfbb8fe97955eb489b88cb5dc7ee6979fcf9321dce7eb451ba3456d3d
  languageName: node
  linkType: hard

"acorn@npm:^8.4.1":
  version: 8.10.0
  resolution: "acorn@npm:8.10.0"
  bin:
    acorn: bin/acorn
  checksum: 5de0f8f7507bdd36c764431cb91c97d99ba15b6f04dbfe4375151aff3caf9566e3c98d340f128a56a5fa930164d7be12c93d8f0f0fe795b9b310888a781c789c
  languageName: node
  linkType: hard

"arg@npm:^4.1.0":
  version: 4.1.3
  resolution: "arg@npm:4.1.3"
  checksum: a60e3881540ab44af1058bf3c9bdbcdd45a82cb930299ae875e609b60b44435410d152b26d55816e8ef2cf1096cfa39271f5b1bd3dd931355f3f24f043dc7ca5
  languageName: node
  linkType: hard

"call-bind@npm:^1.0.0":
  version: 1.0.2
  resolution: "call-bind@npm:1.0.2"
  dependencies:
    function-bind: "npm:^1.1.1"
    get-intrinsic: "npm:^1.0.2"
  checksum: 6fccea8a00310bf2e2b2a07aca0eddbdcd5de2eec9dfe880c1c8b0b7fd3c6809bf28aab0209aa530a35a2fba48587733521df7f83f8d5354047afed78b69a36b
  languageName: node
  linkType: hard

"core-util-is@npm:~1.0.0":
  version: 1.0.3
  resolution: "core-util-is@npm:1.0.3"
  checksum: 3bd2c52819a46215dbe36b3686ec77a7897dcb288eedf217c352451f0e53c131426d191dca4d06f554e8abdcf4b75a8d0ceec85c25126c762e8fd89292f7e4c9
  languageName: node
  linkType: hard

"create-require@npm:^1.1.0":
  version: 1.1.1
  resolution: "create-require@npm:1.1.1"
  checksum: 9db2a6d1a6e69929e4b18045910289a17543f9f07ba4d6027e9c3fdc4c985998cd4b6738a45675ab870287483832332d5aa75a1612c87230149d1fba568ae86a
  languageName: node
  linkType: hard

"csstype@npm:^3.0.2":
  version: 3.1.2
  resolution: "csstype@npm:3.1.2"
  checksum: 9f4357df50023d227d535beb807ccf8e6d8ad6b639afe375898214ebde729aa275731a19d9bcbf01444a6904008cc0d47fbbefa5fa5fc59d7d40e3595d0d41ae
  languageName: node
  linkType: hard

"diff@npm:^4.0.1":
  version: 4.0.2
  resolution: "diff@npm:4.0.2"
  checksum: 1b445113c0727e15646a058b2794df63366bd1e32abf078990b78c2a355fe72e4e3c8de3399f2c5d67f06cd461acdebd91b5f71cb2cd02f7300bdb926a3cd6e2
  languageName: node
  linkType: hard

"esbuild@npm:^0.19.2":
  version: 0.19.4
  resolution: "esbuild@npm:0.19.4"
  dependencies:
    "@esbuild/android-arm": "npm:0.19.4"
    "@esbuild/android-arm64": "npm:0.19.4"
    "@esbuild/android-x64": "npm:0.19.4"
    "@esbuild/darwin-arm64": "npm:0.19.4"
    "@esbuild/darwin-x64": "npm:0.19.4"
    "@esbuild/freebsd-arm64": "npm:0.19.4"
    "@esbuild/freebsd-x64": "npm:0.19.4"
    "@esbuild/linux-arm": "npm:0.19.4"
    "@esbuild/linux-arm64": "npm:0.19.4"
    "@esbuild/linux-ia32": "npm:0.19.4"
    "@esbuild/linux-loong64": "npm:0.19.4"
    "@esbuild/linux-mips64el": "npm:0.19.4"
    "@esbuild/linux-ppc64": "npm:0.19.4"
    "@esbuild/linux-riscv64": "npm:0.19.4"
    "@esbuild/linux-s390x": "npm:0.19.4"
    "@esbuild/linux-x64": "npm:0.19.4"
    "@esbuild/netbsd-x64": "npm:0.19.4"
    "@esbuild/openbsd-x64": "npm:0.19.4"
    "@esbuild/sunos-x64": "npm:0.19.4"
    "@esbuild/win32-arm64": "npm:0.19.4"
    "@esbuild/win32-ia32": "npm:0.19.4"
    "@esbuild/win32-x64": "npm:0.19.4"
  dependenciesMeta:
    "@esbuild/android-arm":
      optional: true
    "@esbuild/android-arm64":
      optional: true
    "@esbuild/android-x64":
      optional: true
    "@esbuild/darwin-arm64":
      optional: true
    "@esbuild/darwin-x64":
      optional: true
    "@esbuild/freebsd-arm64":
      optional: true
    "@esbuild/freebsd-x64":
      optional: true
    "@esbuild/linux-arm":
      optional: true
    "@esbuild/linux-arm64":
      optional: true
    "@esbuild/linux-ia32":
      optional: true
    "@esbuild/linux-loong64":
      optional: true
    "@esbuild/linux-mips64el":
      optional: true
    "@esbuild/linux-ppc64":
      optional: true
    "@esbuild/linux-riscv64":
      optional: true
    "@esbuild/linux-s390x":
      optional: true
    "@esbuild/linux-x64":
      optional: true
    "@esbuild/netbsd-x64":
      optional: true
    "@esbuild/openbsd-x64":
      optional: true
    "@esbuild/sunos-x64":
      optional: true
    "@esbuild/win32-arm64":
      optional: true
    "@esbuild/win32-ia32":
      optional: true
    "@esbuild/win32-x64":
      optional: true
  bin:
    esbuild: bin/esbuild
  checksum: 34ee5316d0cb45978be932fc06465e0dd0ce82b34355924a4745ebb8a750a7eb275a6bacac671897d540da43e4ce4ca8446f100eab64ec40c3768fa8f1f04c14
  languageName: node
  linkType: hard

"function-bind@npm:^1.1.1":
  version: 1.1.1
  resolution: "function-bind@npm:1.1.1"
  checksum: 8a644b8118679030cb3aeb783b024a9ee358b15c5780bdb49fe5d482f6df54672bda860e19bce87d756a5e165740caaa96f5e8487fa98933c327f631e23a5490
  languageName: node
  linkType: hard

"get-intrinsic@npm:^1.0.2":
  version: 1.2.1
  resolution: "get-intrinsic@npm:1.2.1"
  dependencies:
    function-bind: "npm:^1.1.1"
    has: "npm:^1.0.3"
    has-proto: "npm:^1.0.1"
    has-symbols: "npm:^1.0.3"
  checksum: d1d5511cfe4fc46c1a7ec7e127cb4ac0b9e131124282724d7bd94ae5014db5d12403e6873dfd5feeca44cd57baa39f8b4dbda2147ec9bb3533a7d02ab033e352
  languageName: node
  linkType: hard

"has-proto@npm:^1.0.1":
  version: 1.0.1
  resolution: "has-proto@npm:1.0.1"
  checksum: 0aa0de6013c2132a79fb8b885dc0274b99362807195bed0c69e2469eb0de41bf1695067d5e41adcd4bbd8daed8684250716c55db17478249f225ae3d0846e6bf
  languageName: node
  linkType: hard

"has-symbols@npm:^1.0.3":
  version: 1.0.3
  resolution: "has-symbols@npm:1.0.3"
  checksum: 2d0abb3382da2945b1b8d9a4afebc8a0770fe07198e727b4fbd7f616c70796f040bf2bd8d6db47e0c590507812a2680594fc77f871238289f6c7870318cf62c9
  languageName: node
  linkType: hard

"has@npm:^1.0.3":
  version: 1.0.4
  resolution: "has@npm:1.0.4"
  checksum: 230288a956b44eb2be84a31f59271567604080513869e0ea348da9fe78e4ce8a3a61a5bd933f249da129a354533aec225595605c17fc1931e7338e5185b97a24
  languageName: node
  linkType: hard

"icollage@workspace:.":
  version: 0.0.0-use.local
  resolution: "icollage@workspace:."
  dependencies:
    "@figma/plugin-typings": "npm:^1.76.0"
    "@types/node": "npm:^20.5.7"
    "@types/react": "npm:^18"
    "@types/react-dom": "npm:^18"
    esbuild: "npm:^0.19.2"
    jszip: "npm:^3.10.1"
    react: "npm:^18.2.0"
    react-dom: "npm:^18.2.0"
    ts-node: "npm:^10.9.1"
    typescript: "npm:^5.2.2"
    url: "npm:^0.11.1"
  languageName: unknown
  linkType: soft

"immediate@npm:~3.0.5":
  version: 3.0.6
  resolution: "immediate@npm:3.0.6"
  checksum: f4fd7bfa3edc1436bd70adbd866d6437e9885414e050af25a2fb89dda0ac960ca702fa978c2d6c01d76d36f3979d4ccc90d05a1b774849b26669f33188679d74
  languageName: node
  linkType: hard

"inherits@npm:~2.0.3":
  version: 2.0.4
  resolution: "inherits@npm:2.0.4"
  checksum: ca76c7e45ec715bfe6c1dd67b780b9a15068f37b37ab56cf8b773537b2654238469a42950f5f4d301212755e7512be888f627752e778e1863d95cfedefc8b8bd
  languageName: node
  linkType: hard

"isarray@npm:~1.0.0":
  version: 1.0.0
  resolution: "isarray@npm:1.0.0"
  checksum: 7b41a2a80d6285328dddeecd3e45a5c73264e8ff8817bb7dc39f6f47323dfaa28e27c13918aac4aa88e48800a4f1eee2e5e966da433e06085ef0a7592dcf6880
  languageName: node
  linkType: hard

"js-tokens@npm:^3.0.0 || ^4.0.0":
  version: 4.0.0
  resolution: "js-tokens@npm:4.0.0"
  checksum: 47d1c18dc6b9eed4baf1db3d81b36feb95b463201c82ffce0d7a4d65ede596ba97d6ac2468974199705db9ef8a3433606af41fc7bbe7cb25c1dd601785413d9b
  languageName: node
  linkType: hard

"jszip@npm:^3.10.1":
  version: 3.10.1
  resolution: "jszip@npm:3.10.1"
  dependencies:
    lie: "npm:~3.3.0"
    pako: "npm:~1.0.2"
    readable-stream: "npm:~2.3.6"
    setimmediate: "npm:^1.0.5"
  checksum: 485b233c3be2d61e273e5e0100dc674c11a6ea72f269caf7aa0e2a04289c01b65b85abeb690dae018e17e0f90816aabb8b049b8319c85f1324b92dcfb0956267
  languageName: node
  linkType: hard

"lie@npm:~3.3.0":
  version: 3.3.0
  resolution: "lie@npm:3.3.0"
  dependencies:
    immediate: "npm:~3.0.5"
  checksum: baac3b7646df42a1f16120532d6761e92dba026c180461e5fafe5fd2dcccc7212f070563b9795c6b4091fb1ba4827a0c58e6bb2ceeeac922947d3c7bfb118f29
  languageName: node
  linkType: hard

"loose-envify@npm:^1.1.0":
  version: 1.4.0
  resolution: "loose-envify@npm:1.4.0"
  dependencies:
    js-tokens: "npm:^3.0.0 || ^4.0.0"
  bin:
    loose-envify: cli.js
  checksum: 39c5fc44c6a8f7f8a92cccf174554fbb307477ef493760407920fdd4ed5f6cc1aec5b6a5ab3c3767ef79547b3e1aea09d8ca08d773232c662d910cfe473a0590
  languageName: node
  linkType: hard

"make-error@npm:^1.1.1":
  version: 1.3.6
  resolution: "make-error@npm:1.3.6"
  checksum: 4b81ce1392495d554ce5fd28c8de95066642e5e1a5efd395e3b3413bc75068a025d8a567aefb0738ba6da18e73323ffde17794780f632fe4395e009aa9ebcc8a
  languageName: node
  linkType: hard

"object-inspect@npm:^1.9.0":
  version: 1.12.3
  resolution: "object-inspect@npm:1.12.3"
  checksum: 052c374ab0a4c85201480374c1039dddac0aaa8ef0fcbe1b04026f4c832c5632db6cb63617d6403b2b9dca08d4302d781aeb6c4d0260de4a84118ecaf1b5ebda
  languageName: node
  linkType: hard

"pako@npm:~1.0.2":
  version: 1.0.11
  resolution: "pako@npm:1.0.11"
  checksum: 72a95941f553d177fc7f01302f541d379015280e20eeddff28c2b503f3c25353ce18eaf280e9343c548a764a81c3a5f093c6ed84cc951bc0472141f655a9b0b7
  languageName: node
  linkType: hard

"process-nextick-args@npm:~2.0.0":
  version: 2.0.1
  resolution: "process-nextick-args@npm:2.0.1"
  checksum: 09ec0ec8e28a923bdf8d0b926bfbba475553de2cf0be9232d76904a21a3c8c03b6dd4625738ee0bab8fa10b9b2f2fda8a3f9d18815c3407c30f13b51f84605e9
  languageName: node
  linkType: hard

"punycode@npm:^1.4.1":
  version: 1.4.1
  resolution: "punycode@npm:1.4.1"
  checksum: 6c45a3cd2ba296ffd13488000e947a22b0e7885d2c570f04aef0f4f6f6008f1392b928c3f2bca5fe4c9030bbe94837bdb461050a941df286a597de741397ceb1
  languageName: node
  linkType: hard

"qs@npm:^6.11.2":
  version: 6.11.2
  resolution: "qs@npm:6.11.2"
  dependencies:
    side-channel: "npm:^1.0.4"
  checksum: 8a38f195494700a656b9e3c0d05d5c44fdd59c4ae9d66b4239d4a7fa38d0867b4ca794c00c45fccb3435aebe046304b7f5ccf558f2c0bc56b793407f282da086
  languageName: node
  linkType: hard

"react-dom@npm:^18.2.0":
  version: 18.2.0
  resolution: "react-dom@npm:18.2.0"
  dependencies:
    loose-envify: "npm:^1.1.0"
    scheduler: "npm:^0.23.0"
  peerDependencies:
    react: ^18.2.0
  checksum: 7c5b915fb793d63563cec1f721e059e6ff0e2855ac116ab5cb7450b6c59398f5e25f95c960ce5cb93504cc58ab724a75a78e99282354e702a0e667d0d787d028
  languageName: node
  linkType: hard

"react@npm:^18.2.0":
  version: 18.2.0
  resolution: "react@npm:18.2.0"
  dependencies:
    loose-envify: "npm:^1.1.0"
  checksum: 8434e5782c52b3bf18a80b666348977924ee3827895fa03ec3ffb9faca90c460049f14130428dd1546bab6cf3b2c277f2c243d3c2a856501331d2e69c24b2bb9
  languageName: node
  linkType: hard

"readable-stream@npm:~2.3.6":
  version: 2.3.8
  resolution: "readable-stream@npm:2.3.8"
  dependencies:
    core-util-is: "npm:~1.0.0"
    inherits: "npm:~2.0.3"
    isarray: "npm:~1.0.0"
    process-nextick-args: "npm:~2.0.0"
    safe-buffer: "npm:~5.1.1"
    string_decoder: "npm:~1.1.1"
    util-deprecate: "npm:~1.0.1"
  checksum: 266f740b0dc790395f96f784dc090c119a4b3388b2e90ed41cd1e51358dd50b2909d295cc4af7af3c07115b16c6264ce2c9c908b45681a821be741114fff8b3e
  languageName: node
  linkType: hard

"safe-buffer@npm:~5.1.0, safe-buffer@npm:~5.1.1":
  version: 5.1.2
  resolution: "safe-buffer@npm:5.1.2"
  checksum: 86939c6de6b62c1d39b7da860a56d5e50ede9b0ab35a91b0620bff8a96f1f798084ff910059f605087c2c500dc23dfdf77ff5bc3bcc8d4d38e3d634de2e3e426
  languageName: node
  linkType: hard

"scheduler@npm:^0.23.0":
  version: 0.23.0
  resolution: "scheduler@npm:0.23.0"
  dependencies:
    loose-envify: "npm:^1.1.0"
  checksum: f4022b95cdc282668643da4850f55fe70c899aa956d11819f196e2ca892271bdb253613e53997852094f9351f7c72d057eea8b28d9b4bcb93bcb1c6d09985c82
  languageName: node
  linkType: hard

"setimmediate@npm:^1.0.5":
  version: 1.0.5
  resolution: "setimmediate@npm:1.0.5"
  checksum: 915f34e42dbc1602fee8407784b4775ff88087ba84a05a069c15711dc7b23e9d6fd514ede7133c8496525afe41c343f1827a6f8f50e925c962b853594a60ac26
  languageName: node
  linkType: hard

"side-channel@npm:^1.0.4":
  version: 1.0.4
  resolution: "side-channel@npm:1.0.4"
  dependencies:
    call-bind: "npm:^1.0.0"
    get-intrinsic: "npm:^1.0.2"
    object-inspect: "npm:^1.9.0"
  checksum: d712a4e682471c1a1c7bf9294a8bb0f066566e016de11fdb01ae0c0ebf8102c97cc2b2d3b0264ca377eb2d3444bf4c06909392c518a162f047b7444608e0e9a2
  languageName: node
  linkType: hard

"string_decoder@npm:~1.1.1":
  version: 1.1.1
  resolution: "string_decoder@npm:1.1.1"
  dependencies:
    safe-buffer: "npm:~5.1.0"
  checksum: 385c6f229dc54d087d10279049fbc75b0e648dd56ee63dbf15a526975947875fe2b41e0e26addc2e6f2c6e517753a77cfb05338e61d76ac44f49387e7238e025
  languageName: node
  linkType: hard

"ts-node@npm:^10.9.1":
  version: 10.9.1
  resolution: "ts-node@npm:10.9.1"
  dependencies:
    "@cspotcode/source-map-support": "npm:^0.8.0"
    "@tsconfig/node10": "npm:^1.0.7"
    "@tsconfig/node12": "npm:^1.0.7"
    "@tsconfig/node14": "npm:^1.0.0"
    "@tsconfig/node16": "npm:^1.0.2"
    acorn: "npm:^8.4.1"
    acorn-walk: "npm:^8.1.1"
    arg: "npm:^4.1.0"
    create-require: "npm:^1.1.0"
    diff: "npm:^4.0.1"
    make-error: "npm:^1.1.1"
    v8-compile-cache-lib: "npm:^3.0.1"
    yn: "npm:3.1.1"
  peerDependencies:
    "@swc/core": ">=1.2.50"
    "@swc/wasm": ">=1.2.50"
    "@types/node": "*"
    typescript: ">=2.7"
  peerDependenciesMeta:
    "@swc/core":
      optional: true
    "@swc/wasm":
      optional: true
  bin:
    ts-node: dist/bin.js
    ts-node-cwd: dist/bin-cwd.js
    ts-node-esm: dist/bin-esm.js
    ts-node-script: dist/bin-script.js
    ts-node-transpile-only: dist/bin-transpile.js
    ts-script: dist/bin-script-deprecated.js
  checksum: c4caff4b9bb7a3a44adbb64a38786ce4203c2ebceb8b5373b504d0826cf047f9f23105767a3e130e2f4078629f592a8332cfd8ee1061b57b7d159de49c7d8f6f
  languageName: node
  linkType: hard

"typescript@npm:^5.2.2":
  version: 5.2.2
  resolution: "typescript@npm:5.2.2"
  bin:
    tsc: bin/tsc
    tsserver: bin/tsserver
  checksum: 8c5dfc6149a0d5fbad8d55fd9f5cefaf567b6dda42bce8eef7e5f27e6b11d0fc15f4aa4cad3b38394a34f3e9db8b719f5083ab114ddc649e1bc3318327ffa8ca
  languageName: node
  linkType: hard

"typescript@patch:typescript@npm%3A^5.2.2#optional!builtin<compat/typescript>":
  version: 5.2.2
  resolution: "typescript@patch:typescript@npm%3A5.2.2#optional!builtin<compat/typescript>::version=5.2.2&hash=b5f058"
  bin:
    tsc: bin/tsc
    tsserver: bin/tsserver
  checksum: b52454ea2b8ba479dd655c4e55ae57c1cec4af21c83c3aa9ab280879a53f3ef4314587b0cfe5e6dd0a082aca4409fef70d0763e762cd0a3e8b38ef70d1dbad67
  languageName: node
  linkType: hard

"url@npm:^0.11.1":
  version: 0.11.3
  resolution: "url@npm:0.11.3"
  dependencies:
    punycode: "npm:^1.4.1"
    qs: "npm:^6.11.2"
  checksum: 74f444140cbcf99247de798891fc3b93cd0b533bc5dcd0fd47004dc1bf9a1525cd6b0c92d18a6a0c25229f2c6a686119f7e5325bdc14354d103272227090016a
  languageName: node
  linkType: hard

"util-deprecate@npm:~1.0.1":
  version: 1.0.2
  resolution: "util-deprecate@npm:1.0.2"
  checksum: 6a88ed8344d07f2324b304ee36def365d967953b5a9c15baa3213eb3909e86a7da1ee70a4c2133e80c23d6c1987590e9c3c57d874e20a124f9e41620b462fa57
  languageName: node
  linkType: hard

"v8-compile-cache-lib@npm:^3.0.1":
  version: 3.0.1
  resolution: "v8-compile-cache-lib@npm:3.0.1"
  checksum: 0ebe342e7f20816fd5d323affd77f60ea65810ef60beecafbb06397870b18b3d6cb76412721e23603f603fcf5b1f3b37e2844adf15e9b708dbd6404f01884b23
  languageName: node
  linkType: hard

"yn@npm:3.1.1":
  version: 3.1.1
  resolution: "yn@npm:3.1.1"
  checksum: 890a9ce10f1f6691316f521444dcdc2d012dbfba423ec2252444dab5888def4ee48751304e51302c6d14197a1e9407256153a357c955bff1d659df592cfda456
  languageName: node
  linkType: hard
